
Microsoft Visual Studio Solution File, Format Version 12.00
# Visual Studio Version 17
VisualStudioVersion = 17.6.33712.159
MinimumVisualStudioVersion = 10.0.40219.1
Project("{FAE04EC0-301F-11D3-BF4B-00C04F79EFBC}") = "SpaceTradersClient", "SpaceTradersClient\SpaceTradersClient.csproj", "{6F356C2A-AA90-429D-A7C3-4C604F0C03CF}"
EndProject
Global
	GlobalSection(SolutionConfigurationPlatforms) = preSolution
		Debug|Any CPU = Debug|Any CPU
		Release|Any CPU = Release|Any CPU
	EndGlobalSection
	GlobalSection(ProjectConfigurationPlatforms) = postSolution
		{6F356C2A-AA90-429D-A7C3-4C604F0C03CF}.Debug|Any CPU.ActiveCfg = Debug|Any CPU
		{6F356C2A-AA90-429D-A7C3-4C604F0C03CF}.Debug|Any CPU.Build.0 = Debug|Any CPU
		{6F356C2A-AA90-429D-A7C3-4C604F0C03CF}.Release|Any CPU.ActiveCfg = Release|Any CPU
		{6F356C2A-AA90-429D-A7C3-4C604F0C03CF}.Release|Any CPU.Build.0 = Release|Any CPU
	EndGlobalSection
	GlobalSection(SolutionProperties) = preSolution
		HideSolutionNode = FALSE
	EndGlobalSection
	GlobalSection(ExtensibilityGlobals) = postSolution
		SolutionGuid = {8B6D220C-0025-4A23-8298-12784445D3BA}
	EndGlobalSection
EndGlobal
